{
    "name": "is-tom",
    "version": "1.0.0",
    "lockfileVersion": 3,
    "requires": true,
    "packages": {
        "": {
            "name": "is-tom",
            "version": "1.0.0",
            "license": "ISC",
            "dependencies": {
                "is-tom": "^1.0.0"
            }
        },
        "node_modules/is-tom": {
            "version": "1.0.0",
            "resolved": "https://registry.npmjs.org/is-tom/-/is-tom-1.0.0.tgz",
            "integrity": "sha512-yZYCpxMxkeD12h0GyHKHW2dvPSIv5qqepTBZoG2Rd99L0oydQ4JYbulLFDp2YYpipsawm/dZ3BBiD66abd07+Q=="
        }
    }
}
